
Microsoft Visual Studio Solution File, Format Version 12.00
# Visual Studio Version 17
VisualStudioVersion = 17.2.32630.192
MinimumVisualStudioVersion = 10.0.40219.1
Project("{FAE04EC0-301F-11D3-BF4B-00C04F79EFBC}") = "Hastable 1", "Hastable 1\Hastable 1.csproj", "{8C76FFFF-7A2F-445F-86E4-6930C68C5691}"
EndProject
Global
	GlobalSection(SolutionConfigurationPlatforms) = preSolution
		Debug|Any CPU = Debug|Any CPU
		Release|Any CPU = Release|Any CPU
	EndGlobalSection
	GlobalSection(ProjectConfigurationPlatforms) = postSolution
		{8C76FFFF-7A2F-445F-86E4-6930C68C5691}.Debug|Any CPU.ActiveCfg = Debug|Any CPU
		{8C76FFFF-7A2F-445F-86E4-6930C68C5691}.Debug|Any CPU.Build.0 = Debug|Any CPU
		{8C76FFFF-7A2F-445F-86E4-6930C68C5691}.Release|Any CPU.ActiveCfg = Release|Any CPU
		{8C76FFFF-7A2F-445F-86E4-6930C68C5691}.Release|Any CPU.Build.0 = Release|Any CPU
	EndGlobalSection
	GlobalSection(SolutionProperties) = preSolution
		HideSolutionNode = FALSE
	EndGlobalSection
	GlobalSection(ExtensibilityGlobals) = postSolution
		SolutionGuid = {D3533D67-062F-4DBB-A647-CDD483541453}
	EndGlobalSection
EndGlobal
