
Microsoft Visual Studio Solution File, Format Version 12.00
# Visual Studio Version 17
VisualStudioVersion = 17.2.32630.192
MinimumVisualStudioVersion = 10.0.40219.1
Project("{FAE04EC0-301F-11D3-BF4B-00C04F79EFBC}") = "ui 1", "ui 1\ui 1.csproj", "{CCA03417-7A51-457E-B61A-9332AD118E4E}"
EndProject
Global
	GlobalSection(SolutionConfigurationPlatforms) = preSolution
		Debug|Any CPU = Debug|Any CPU
		Release|Any CPU = Release|Any CPU
	EndGlobalSection
	GlobalSection(ProjectConfigurationPlatforms) = postSolution
		{CCA03417-7A51-457E-B61A-9332AD118E4E}.Debug|Any CPU.ActiveCfg = Debug|Any CPU
		{CCA03417-7A51-457E-B61A-9332AD118E4E}.Debug|Any CPU.Build.0 = Debug|Any CPU
		{CCA03417-7A51-457E-B61A-9332AD118E4E}.Release|Any CPU.ActiveCfg = Release|Any CPU
		{CCA03417-7A51-457E-B61A-9332AD118E4E}.Release|Any CPU.Build.0 = Release|Any CPU
	EndGlobalSection
	GlobalSection(SolutionProperties) = preSolution
		HideSolutionNode = FALSE
	EndGlobalSection
	GlobalSection(ExtensibilityGlobals) = postSolution
		SolutionGuid = {0FE92972-AF1B-40E5-BE87-4C552EF7DD91}
	EndGlobalSection
EndGlobal
