
Microsoft Visual Studio Solution File, Format Version 12.00
# Visual Studio Version 17
VisualStudioVersion = 17.2.32630.192
MinimumVisualStudioVersion = 10.0.40219.1
Project("{FAE04EC0-301F-11D3-BF4B-00C04F79EFBC}") = "aaray list 1 std info", "aaray list 1 std info\aaray list 1 std info.csproj", "{569ADAD3-55FC-4DFD-9033-B1E34B57527E}"
EndProject
Global
	GlobalSection(SolutionConfigurationPlatforms) = preSolution
		Debug|Any CPU = Debug|Any CPU
		Release|Any CPU = Release|Any CPU
	EndGlobalSection
	GlobalSection(ProjectConfigurationPlatforms) = postSolution
		{569ADAD3-55FC-4DFD-9033-B1E34B57527E}.Debug|Any CPU.ActiveCfg = Debug|Any CPU
		{569ADAD3-55FC-4DFD-9033-B1E34B57527E}.Debug|Any CPU.Build.0 = Debug|Any CPU
		{569ADAD3-55FC-4DFD-9033-B1E34B57527E}.Release|Any CPU.ActiveCfg = Release|Any CPU
		{569ADAD3-55FC-4DFD-9033-B1E34B57527E}.Release|Any CPU.Build.0 = Release|Any CPU
	EndGlobalSection
	GlobalSection(SolutionProperties) = preSolution
		HideSolutionNode = FALSE
	EndGlobalSection
	GlobalSection(ExtensibilityGlobals) = postSolution
		SolutionGuid = {FE443AFE-7674-4E32-B66D-21E33A8C410B}
	EndGlobalSection
EndGlobal
