
Microsoft Visual Studio Solution File, Format Version 12.00
# Visual Studio Version 17
VisualStudioVersion = 17.2.32630.192
MinimumVisualStudioVersion = 10.0.40219.1
Project("{FAE04EC0-301F-11D3-BF4B-00C04F79EFBC}") = "1.ass class result", "1.ass class result\1.ass class result.csproj", "{FDB2F177-4303-4943-BC76-001A00A79E54}"
EndProject
Global
	GlobalSection(SolutionConfigurationPlatforms) = preSolution
		Debug|Any CPU = Debug|Any CPU
		Release|Any CPU = Release|Any CPU
	EndGlobalSection
	GlobalSection(ProjectConfigurationPlatforms) = postSolution
		{FDB2F177-4303-4943-BC76-001A00A79E54}.Debug|Any CPU.ActiveCfg = Debug|Any CPU
		{FDB2F177-4303-4943-BC76-001A00A79E54}.Debug|Any CPU.Build.0 = Debug|Any CPU
		{FDB2F177-4303-4943-BC76-001A00A79E54}.Release|Any CPU.ActiveCfg = Release|Any CPU
		{FDB2F177-4303-4943-BC76-001A00A79E54}.Release|Any CPU.Build.0 = Release|Any CPU
	EndGlobalSection
	GlobalSection(SolutionProperties) = preSolution
		HideSolutionNode = FALSE
	EndGlobalSection
	GlobalSection(ExtensibilityGlobals) = postSolution
		SolutionGuid = {D3753485-15A6-4DB4-97E9-29252DAA492D}
	EndGlobalSection
EndGlobal
