
Microsoft Visual Studio Solution File, Format Version 12.00
# Visual Studio Version 17
VisualStudioVersion = 17.2.32630.192
MinimumVisualStudioVersion = 10.0.40219.1
Project("{FAE04EC0-301F-11D3-BF4B-00C04F79EFBC}") = "store array and print sum f array", "store array and print sum f array\store array and print sum f array.csproj", "{91CD6054-C477-4FD9-A15E-FCB31407F743}"
EndProject
Global
	GlobalSection(SolutionConfigurationPlatforms) = preSolution
		Debug|Any CPU = Debug|Any CPU
		Release|Any CPU = Release|Any CPU
	EndGlobalSection
	GlobalSection(ProjectConfigurationPlatforms) = postSolution
		{91CD6054-C477-4FD9-A15E-FCB31407F743}.Debug|Any CPU.ActiveCfg = Debug|Any CPU
		{91CD6054-C477-4FD9-A15E-FCB31407F743}.Debug|Any CPU.Build.0 = Debug|Any CPU
		{91CD6054-C477-4FD9-A15E-FCB31407F743}.Release|Any CPU.ActiveCfg = Release|Any CPU
		{91CD6054-C477-4FD9-A15E-FCB31407F743}.Release|Any CPU.Build.0 = Release|Any CPU
	EndGlobalSection
	GlobalSection(SolutionProperties) = preSolution
		HideSolutionNode = FALSE
	EndGlobalSection
	GlobalSection(ExtensibilityGlobals) = postSolution
		SolutionGuid = {0C867068-862C-4DB7-A059-00C6B7CAC4D5}
	EndGlobalSection
EndGlobal
