
Microsoft Visual Studio Solution File, Format Version 12.00
# Visual Studio Version 17
VisualStudioVersion = 17.2.32630.192
MinimumVisualStudioVersion = 10.0.40219.1
Project("{FAE04EC0-301F-11D3-BF4B-00C04F79EFBC}") = "2D array  store album  and singer name", "2D array  store album  and singer name\2D array  store album  and singer name.csproj", "{339FDE27-81CD-42FA-8A93-59007224C770}"
EndProject
Global
	GlobalSection(SolutionConfigurationPlatforms) = preSolution
		Debug|Any CPU = Debug|Any CPU
		Release|Any CPU = Release|Any CPU
	EndGlobalSection
	GlobalSection(ProjectConfigurationPlatforms) = postSolution
		{339FDE27-81CD-42FA-8A93-59007224C770}.Debug|Any CPU.ActiveCfg = Debug|Any CPU
		{339FDE27-81CD-42FA-8A93-59007224C770}.Debug|Any CPU.Build.0 = Debug|Any CPU
		{339FDE27-81CD-42FA-8A93-59007224C770}.Release|Any CPU.ActiveCfg = Release|Any CPU
		{339FDE27-81CD-42FA-8A93-59007224C770}.Release|Any CPU.Build.0 = Release|Any CPU
	EndGlobalSection
	GlobalSection(SolutionProperties) = preSolution
		HideSolutionNode = FALSE
	EndGlobalSection
	GlobalSection(ExtensibilityGlobals) = postSolution
		SolutionGuid = {C460176D-5702-46F6-BC8A-51FE914009B5}
	EndGlobalSection
EndGlobal
