
Microsoft Visual Studio Solution File, Format Version 12.00
# Visual Studio Version 17
VisualStudioVersion = 17.2.32630.192
MinimumVisualStudioVersion = 10.0.40219.1
Project("{FAE04EC0-301F-11D3-BF4B-00C04F79EFBC}") = "bank form", "bank form\bank form.csproj", "{B403F76E-6E8E-4DDC-8DC7-BB427C75B1C8}"
EndProject
Global
	GlobalSection(SolutionConfigurationPlatforms) = preSolution
		Debug|Any CPU = Debug|Any CPU
		Release|Any CPU = Release|Any CPU
	EndGlobalSection
	GlobalSection(ProjectConfigurationPlatforms) = postSolution
		{B403F76E-6E8E-4DDC-8DC7-BB427C75B1C8}.Debug|Any CPU.ActiveCfg = Debug|Any CPU
		{B403F76E-6E8E-4DDC-8DC7-BB427C75B1C8}.Debug|Any CPU.Build.0 = Debug|Any CPU
		{B403F76E-6E8E-4DDC-8DC7-BB427C75B1C8}.Release|Any CPU.ActiveCfg = Release|Any CPU
		{B403F76E-6E8E-4DDC-8DC7-BB427C75B1C8}.Release|Any CPU.Build.0 = Release|Any CPU
	EndGlobalSection
	GlobalSection(SolutionProperties) = preSolution
		HideSolutionNode = FALSE
	EndGlobalSection
	GlobalSection(ExtensibilityGlobals) = postSolution
		SolutionGuid = {B2749B3F-4647-4545-9BE1-9924EF1E5624}
	EndGlobalSection
EndGlobal
