
Microsoft Visual Studio Solution File, Format Version 12.00
# Visual Studio Version 17
VisualStudioVersion = 17.2.32630.192
MinimumVisualStudioVersion = 10.0.40219.1
Project("{FAE04EC0-301F-11D3-BF4B-00C04F79EFBC}") = "Place web brbrowser", "Place web brbrowser\Place web brbrowser.csproj", "{2AA29F0B-666F-4E0A-9517-613BB64BDD73}"
EndProject
Global
	GlobalSection(SolutionConfigurationPlatforms) = preSolution
		Debug|Any CPU = Debug|Any CPU
		Release|Any CPU = Release|Any CPU
	EndGlobalSection
	GlobalSection(ProjectConfigurationPlatforms) = postSolution
		{2AA29F0B-666F-4E0A-9517-613BB64BDD73}.Debug|Any CPU.ActiveCfg = Debug|Any CPU
		{2AA29F0B-666F-4E0A-9517-613BB64BDD73}.Debug|Any CPU.Build.0 = Debug|Any CPU
		{2AA29F0B-666F-4E0A-9517-613BB64BDD73}.Release|Any CPU.ActiveCfg = Release|Any CPU
		{2AA29F0B-666F-4E0A-9517-613BB64BDD73}.Release|Any CPU.Build.0 = Release|Any CPU
	EndGlobalSection
	GlobalSection(SolutionProperties) = preSolution
		HideSolutionNode = FALSE
	EndGlobalSection
	GlobalSection(ExtensibilityGlobals) = postSolution
		SolutionGuid = {CDBEF753-D6C5-401C-BD1B-54CA6F1DA611}
	EndGlobalSection
EndGlobal
