
Microsoft Visual Studio Solution File, Format Version 12.00
# Visual Studio Version 17
VisualStudioVersion = 17.2.32630.192
MinimumVisualStudioVersion = 10.0.40219.1
Project("{FAE04EC0-301F-11D3-BF4B-00C04F79EFBC}") = "3.ass order class", "3.ass order class\3.ass order class.csproj", "{AC4FDC54-3A76-4401-AA21-259ECAE0D4D8}"
EndProject
Global
	GlobalSection(SolutionConfigurationPlatforms) = preSolution
		Debug|Any CPU = Debug|Any CPU
		Release|Any CPU = Release|Any CPU
	EndGlobalSection
	GlobalSection(ProjectConfigurationPlatforms) = postSolution
		{AC4FDC54-3A76-4401-AA21-259ECAE0D4D8}.Debug|Any CPU.ActiveCfg = Debug|Any CPU
		{AC4FDC54-3A76-4401-AA21-259ECAE0D4D8}.Debug|Any CPU.Build.0 = Debug|Any CPU
		{AC4FDC54-3A76-4401-AA21-259ECAE0D4D8}.Release|Any CPU.ActiveCfg = Release|Any CPU
		{AC4FDC54-3A76-4401-AA21-259ECAE0D4D8}.Release|Any CPU.Build.0 = Release|Any CPU
	EndGlobalSection
	GlobalSection(SolutionProperties) = preSolution
		HideSolutionNode = FALSE
	EndGlobalSection
	GlobalSection(ExtensibilityGlobals) = postSolution
		SolutionGuid = {A18B4881-895C-4430-AFCE-CFE783D98D5F}
	EndGlobalSection
EndGlobal
